# This file is generated by running "yarn install" inside your project.
# Manual changes might be lost - proceed with caution!

__metadata:
  version: 8
  cacheKey: 10c0

"@xterm/addon-attach@npm:^0.11.0":
  version: 0.11.0
  resolution: "@xterm/addon-attach@npm:0.11.0"
  peerDependencies:
    "@xterm/xterm": ^5.0.0
  checksum: 10c0/7646e4a4ec1588f922bfed81e0361db435e4db73656847eda1f5724f7580a522b0ad9b636c76ddb3fad785feb4c594cc813b7e7a990d780d2d7aa78c69ad092f
  languageName: node
  linkType: hard

"@xterm/addon-clipboard@npm:^0.1.0":
  version: 0.1.0
  resolution: "@xterm/addon-clipboard@npm:0.1.0"
  dependencies:
    js-base64: "npm:^3.7.5"
  peerDependencies:
    "@xterm/xterm": ^5.4.0
  checksum: 10c0/bd34a81622ef57b6c955c7e9e3bd00c351e12f6a1edfb6bc53d05188494f9fe1f69f16f4ed22482fe9e56993082a869b90d627b99ddbb9d6adab6276e5e16f97
  languageName: node
  linkType: hard

"@xterm/addon-fit@npm:^0.10.0":
  version: 0.10.0
  resolution: "@xterm/addon-fit@npm:0.10.0"
  peerDependencies:
    "@xterm/xterm": ^5.0.0
  checksum: 10c0/76926120fc940376afef2cb68b15aec2a99fc628b6e3cc84f2bcb1682ca9b87f982b3c10ff206faf4ebc5b410467b81a7b5e83be37b4ac386586f472e4fa1c61
  languageName: node
  linkType: hard

"@xterm/addon-image@npm:^0.8.0":
  version: 0.8.0
  resolution: "@xterm/addon-image@npm:0.8.0"
  peerDependencies:
    "@xterm/xterm": ^5.2.0
  checksum: 10c0/ddeb425191a595fcf73f92b0733cbf44b3e71e88907a662b16a5b55d433f605d7d2949f78892c0dcfee05ffebf441e30aea0012139fce6fd3f10cc91fb4db3b0
  languageName: node
  linkType: hard

"@xterm/addon-search@npm:^0.15.0":
  version: 0.15.0
  resolution: "@xterm/addon-search@npm:0.15.0"
  peerDependencies:
    "@xterm/xterm": ^5.0.0
  checksum: 10c0/2d68233d234eabc9ffe1bc9e4fcd28cd50c1f8c316b0e71a81ee2005b5e4da87c1c0361f2aa117ec566afbbbc35cd37456c7eb889ebc936416d14953c82e5a2a
  languageName: node
  linkType: hard

"@xterm/addon-serialize@npm:^0.13.0":
  version: 0.13.0
  resolution: "@xterm/addon-serialize@npm:0.13.0"
  peerDependencies:
    "@xterm/xterm": ^5.0.0
  checksum: 10c0/090f502867250cdceca9abdbe37aebe0c01eb5d708a09c51d3e0e9bb5d4d3b0d4d67af1c4c8bde9b78f108a5e4150420180de69e6228aac76596fdbf6c4c59dc
  languageName: node
  linkType: hard

"@xterm/addon-unicode11@npm:^0.8.0":
  version: 0.8.0
  resolution: "@xterm/addon-unicode11@npm:0.8.0"
  peerDependencies:
    "@xterm/xterm": ^5.0.0
  checksum: 10c0/4e42128a24da0ff6853804a27a0f493a58b0d62ff5aceb4698688cefc5c37ec289579789c827c009b6b84ce8f47ed0d5170bc0a9c28e382a2d9b713e87d75b0d
  languageName: node
  linkType: hard

"@xterm/addon-web-links@npm:^0.11.0":
  version: 0.11.0
  resolution: "@xterm/addon-web-links@npm:0.11.0"
  peerDependencies:
    "@xterm/xterm": ^5.0.0
  checksum: 10c0/9426bed80afa954b0ea97771d041eb44e77a64e560ce8b8ef507a5d3a763979af18ae9f74ed54007bb7e235d0daf035be2a33f90d8edfecb431caf8ba0b0664e
  languageName: node
  linkType: hard

"@xterm/addon-webgl@npm:^0.18.0":
  version: 0.18.0
  resolution: "@xterm/addon-webgl@npm:0.18.0"
  peerDependencies:
    "@xterm/xterm": ^5.0.0
  checksum: 10c0/682a3f5f128ee09a0cf1b41cbb7b2f925a5e43056e12ba0c523b93a1f5f188045caef9e31f32db933b8a7a1b12d8f9babaddfa11e6f11df0c7b265009103476c
  languageName: node
  linkType: hard

"@xterm/xterm@npm:^5.5.0":
  version: 5.5.0
  resolution: "@xterm/xterm@npm:5.5.0"
  checksum: 10c0/358801feece58617d777b2783bec68dac1f52f736da3b0317f71a34f4e25431fb0b1920244f678b8d673f797145b4858c2a5ccb463a4a6df7c10c9093f1c9267
  languageName: node
  linkType: hard

"gterm@workspace:.":
  version: 0.0.0-use.local
  resolution: "gterm@workspace:."
  dependencies:
    "@xterm/addon-attach": "npm:^0.11.0"
    "@xterm/addon-clipboard": "npm:^0.1.0"
    "@xterm/addon-fit": "npm:^0.10.0"
    "@xterm/addon-image": "npm:^0.8.0"
    "@xterm/addon-search": "npm:^0.15.0"
    "@xterm/addon-serialize": "npm:^0.13.0"
    "@xterm/addon-unicode11": "npm:^0.8.0"
    "@xterm/addon-web-links": "npm:^0.11.0"
    "@xterm/addon-webgl": "npm:^0.18.0"
    "@xterm/xterm": "npm:^5.5.0"
  languageName: unknown
  linkType: soft

"js-base64@npm:^3.7.5":
  version: 3.7.7
  resolution: "js-base64@npm:3.7.7"
  checksum: 10c0/3c905a7e78b601e4751b5e710edd0d6d045ce2d23eb84c9df03515371e1b291edc72808dc91e081cb9855aef6758292a2407006f4608ec3705373dd8baf2f80f
  languageName: node
  linkType: hard
