# THIS IS AN AUTOGENERATED FILE. DO NOT EDIT THIS FILE DIRECTLY.
# yarn lockfile v1


"@xterm/addon-attach@^0.11.0":
  version "0.11.0"
  resolved "https://registry.npmmirror.com/@xterm/addon-attach/-/addon-attach-0.11.0.tgz"
  integrity sha512-JboCN0QAY6ZLY/SSB/Zl2cQ5zW1Eh4X3fH7BnuR1NB7xGRhzbqU2Npmpiw/3zFlxDaU88vtKzok44JKi2L2V2Q==

"@xterm/addon-clipboard@^0.1.0":
  version "0.1.0"
  resolved "https://registry.npmmirror.com/@xterm/addon-clipboard/-/addon-clipboard-0.1.0.tgz"
  integrity sha512-zdoM7p53T5sv/HbRTyp4hY0kKmEQ3MZvAvEtiXqNIHc/JdpqwByCtsTaQF5DX2n4hYdXRPO4P/eOS0QEhX1nPw==
  dependencies:
    js-base64 "^3.7.5"

"@xterm/addon-fit@^0.10.0":
  version "0.10.0"
  resolved "https://registry.npmmirror.com/@xterm/addon-fit/-/addon-fit-0.10.0.tgz"
  integrity sha512-UFYkDm4HUahf2lnEyHvio51TNGiLK66mqP2JoATy7hRZeXaGMRDr00JiSF7m63vR5WKATF605yEggJKsw0JpMQ==

"@xterm/addon-image@^0.8.0":
  version "0.8.0"
  resolved "https://registry.npmmirror.com/@xterm/addon-image/-/addon-image-0.8.0.tgz"
  integrity sha512-b/dqpFn3jUad2pUP5UpF4scPIh0WdxRQL/1qyiahGfUI85XZTCXo0py9G6AcOR2QYUw8eJ8EowGspT7BQcgw6A==

"@xterm/addon-search@^0.15.0":
  version "0.15.0"
  resolved "https://registry.npmmirror.com/@xterm/addon-search/-/addon-search-0.15.0.tgz"
  integrity sha512-ZBZKLQ+EuKE83CqCmSSz5y1tx+aNOCUaA7dm6emgOX+8J9H1FWXZyrKfzjwzV+V14TV3xToz1goIeRhXBS5qjg==

"@xterm/addon-serialize@^0.13.0":
  version "0.13.0"
  resolved "https://registry.npmmirror.com/@xterm/addon-serialize/-/addon-serialize-0.13.0.tgz"
  integrity sha512-kGs8o6LWAmN1l2NpMp01/YkpxbmO4UrfWybeGu79Khw5K9+Krp7XhXbBTOTc3GJRRhd6EmILjpR8k5+odY39YQ==

"@xterm/addon-unicode11@^0.8.0":
  version "0.8.0"
  resolved "https://registry.npmmirror.com/@xterm/addon-unicode11/-/addon-unicode11-0.8.0.tgz"
  integrity sha512-LxinXu8SC4OmVa6FhgwsVCBZbr8WoSGzBl2+vqe8WcQ6hb1r6Gj9P99qTNdPiFPh4Ceiu2pC8xukZ6+2nnh49Q==

"@xterm/addon-web-links@^0.11.0":
  version "0.11.0"
  resolved "https://registry.npmmirror.com/@xterm/addon-web-links/-/addon-web-links-0.11.0.tgz"
  integrity sha512-nIHQ38pQI+a5kXnRaTgwqSHnX7KE6+4SVoceompgHL26unAxdfP6IPqUTSYPQgSwM56hsElfoNrrW5V7BUED/Q==

"@xterm/addon-webgl@^0.18.0":
  version "0.18.0"
  resolved "https://registry.npmmirror.com/@xterm/addon-webgl/-/addon-webgl-0.18.0.tgz"
  integrity sha512-xCnfMBTI+/HKPdRnSOHaJDRqEpq2Ugy8LEj9GiY4J3zJObo3joylIFaMvzBwbYRg8zLtkO0KQaStCeSfoaI2/w==

"@xterm/xterm@^5.0.0", "@xterm/xterm@^5.2.0", "@xterm/xterm@^5.4.0", "@xterm/xterm@^5.5.0":
  version "5.5.0"
  resolved "https://registry.npmmirror.com/@xterm/xterm/-/xterm-5.5.0.tgz"
  integrity sha512-hqJHYaQb5OptNunnyAnkHyM8aCjZ1MEIDTQu1iIbbTD/xops91NB5yq1ZK/dC2JDbVWtF23zUtl9JE2NqwT87A==

js-base64@^3.7.5:
  version "3.7.7"
  resolved "https://registry.npmmirror.com/js-base64/-/js-base64-3.7.7.tgz"
  integrity sha512-7rCnleh0z2CkXhH67J8K1Ytz0b2Y+yxTPL+/KOJoa20hfnVQ/3/T6W/KflYI4bRHRagNeXeU2bkNGI3v1oS/lw==
